
Microsoft Visual Studio Solution File, Format Version 12.00
# Visual Studio Version 17
VisualStudioVersion = 17.6.33815.320
MinimumVisualStudioVersion = 10.0.40219.1
Project("{8BC9CEB8-8B4A-11D0-8D11-00A0C91BC942}") = "BionSemi_Acquisition", "BionSemi_Acquisition.vcxproj", "{51C0EA88-F652-4654-AD68-5CDE32008B7B}"
EndProject
Global
	GlobalSection(SolutionConfigurationPlatforms) = preSolution
		Debug|x64 = Debug|x64
		Release|x64 = Release|x64
	EndGlobalSection
	GlobalSection(ProjectConfigurationPlatforms) = postSolution
		{51C0EA88-F652-4654-AD68-5CDE32008B7B}.Debug|x64.ActiveCfg = Debug|x64
		{51C0EA88-F652-4654-AD68-5CDE32008B7B}.Debug|x64.Build.0 = Debug|x64
		{51C0EA88-F652-4654-AD68-5CDE32008B7B}.Release|x64.ActiveCfg = Release|x64
		{51C0EA88-F652-4654-AD68-5CDE32008B7B}.Release|x64.Build.0 = Release|x64
	EndGlobalSection
	GlobalSection(SolutionProperties) = preSolution
		HideSolutionNode = FALSE
	EndGlobalSection
	GlobalSection(ExtensibilityGlobals) = postSolution
		SolutionGuid = {C499B876-DDDC-43E4-80A2-538A7FDC90EC}
	EndGlobalSection
EndGlobal
